
Microsoft Visual Studio Solution File, Format Version 12.00
# Visual Studio 15
VisualStudioVersion = 15.0.28307.1401
MinimumVisualStudioVersion = 10.0.40219.1
Project("{FAE04EC0-301F-11D3-BF4B-00C04F79EFBC}") = "WeatherPrognose", "WeatherPrognose\WeatherPrognose.csproj", "{A0A0BE83-716B-4218-92CE-434CFBF25580}"
EndProject
Project("{FAE04EC0-301F-11D3-BF4B-00C04F79EFBC}") = "WeatherUI", "WeatherUI\WeatherUI.csproj", "{4C6F9D8C-2FA4-4107-880C-97A88B82AE59}"
EndProject
Global
	GlobalSection(SolutionConfigurationPlatforms) = preSolution
		Debug|Any CPU = Debug|Any CPU
		Release|Any CPU = Release|Any CPU
	EndGlobalSection
	GlobalSection(ProjectConfigurationPlatforms) = postSolution
		{A0A0BE83-716B-4218-92CE-434CFBF25580}.Debug|Any CPU.ActiveCfg = Debug|Any CPU
		{A0A0BE83-716B-4218-92CE-434CFBF25580}.Debug|Any CPU.Build.0 = Debug|Any CPU
		{A0A0BE83-716B-4218-92CE-434CFBF25580}.Release|Any CPU.ActiveCfg = Release|Any CPU
		{A0A0BE83-716B-4218-92CE-434CFBF25580}.Release|Any CPU.Build.0 = Release|Any CPU
		{4C6F9D8C-2FA4-4107-880C-97A88B82AE59}.Debug|Any CPU.ActiveCfg = Debug|Any CPU
		{4C6F9D8C-2FA4-4107-880C-97A88B82AE59}.Debug|Any CPU.Build.0 = Debug|Any CPU
		{4C6F9D8C-2FA4-4107-880C-97A88B82AE59}.Release|Any CPU.ActiveCfg = Release|Any CPU
		{4C6F9D8C-2FA4-4107-880C-97A88B82AE59}.Release|Any CPU.Build.0 = Release|Any CPU
	EndGlobalSection
	GlobalSection(SolutionProperties) = preSolution
		HideSolutionNode = FALSE
	EndGlobalSection
	GlobalSection(ExtensibilityGlobals) = postSolution
		SolutionGuid = {51F6FEA4-2CE9-4F49-9C85-7845921642BE}
	EndGlobalSection
EndGlobal
